
Microsoft Visual Studio Solution File, Format Version 12.00
# Visual Studio Version 17
VisualStudioVersion = 17.0.31903.59
MinimumVisualStudioVersion = 10.0.40219.1
Project("{2150E333-8FDC-42A3-9474-1A3956D46DE8}") = "src", "src", "{827E0CD3-B72D-47B6-A68D-7590B98EB39B}"
EndProject
Project("{2150E333-8FDC-42A3-9474-1A3956D46DE8}") = "Core", "Core", "{8D626EA8-CB54-BC41-363A-217881BEBA6E}"
EndProject
Project("{FAE04EC0-301F-11D3-BF4B-00C04F79EFBC}") = "Application", "src\Core\Application\Application.csproj", "{D22A9618-B5FB-435B-8CC5-7E923D8CC604}"
EndProject
Project("{2150E333-8FDC-42A3-9474-1A3956D46DE8}") = "External", "External", "{17FE7165-7831-552A-0281-14200D3CBAAD}"
EndProject
Project("{2150E333-8FDC-42A3-9474-1A3956D46DE8}") = "Web", "Web", "{03997797-E7F5-0643-168D-B8EA7178C2FE}"
EndProject
Project("{FAE04EC0-301F-11D3-BF4B-00C04F79EFBC}") = "Api", "src\Web\Api\Api.csproj", "{0CD5F2E4-94C4-44C4-BFF0-5298F1EB8121}"
EndProject
Project("{FAE04EC0-301F-11D3-BF4B-00C04F79EFBC}") = "Presentation", "src\External\Presentation\Presentation.csproj", "{ABDFCD5E-0803-4532-9067-AC60AE464D7A}"
EndProject
Project("{FAE04EC0-301F-11D3-BF4B-00C04F79EFBC}") = "Infrastructure", "src\External\Infrastructure\Infrastructure.csproj", "{D25811EF-A138-42EF-9102-2BE6A8AF86E5}"
EndProject
Global
	GlobalSection(SolutionConfigurationPlatforms) = preSolution
		Debug|Any CPU = Debug|Any CPU
		Debug|x64 = Debug|x64
		Debug|x86 = Debug|x86
		Release|Any CPU = Release|Any CPU
		Release|x64 = Release|x64
		Release|x86 = Release|x86
	EndGlobalSection
	GlobalSection(ProjectConfigurationPlatforms) = postSolution
		{D22A9618-B5FB-435B-8CC5-7E923D8CC604}.Debug|Any CPU.ActiveCfg = Debug|Any CPU
		{D22A9618-B5FB-435B-8CC5-7E923D8CC604}.Debug|Any CPU.Build.0 = Debug|Any CPU
		{D22A9618-B5FB-435B-8CC5-7E923D8CC604}.Debug|x64.ActiveCfg = Debug|Any CPU
		{D22A9618-B5FB-435B-8CC5-7E923D8CC604}.Debug|x64.Build.0 = Debug|Any CPU
		{D22A9618-B5FB-435B-8CC5-7E923D8CC604}.Debug|x86.ActiveCfg = Debug|Any CPU
		{D22A9618-B5FB-435B-8CC5-7E923D8CC604}.Debug|x86.Build.0 = Debug|Any CPU
		{D22A9618-B5FB-435B-8CC5-7E923D8CC604}.Release|Any CPU.ActiveCfg = Release|Any CPU
		{D22A9618-B5FB-435B-8CC5-7E923D8CC604}.Release|Any CPU.Build.0 = Release|Any CPU
		{D22A9618-B5FB-435B-8CC5-7E923D8CC604}.Release|x64.ActiveCfg = Release|Any CPU
		{D22A9618-B5FB-435B-8CC5-7E923D8CC604}.Release|x64.Build.0 = Release|Any CPU
		{D22A9618-B5FB-435B-8CC5-7E923D8CC604}.Release|x86.ActiveCfg = Release|Any CPU
		{D22A9618-B5FB-435B-8CC5-7E923D8CC604}.Release|x86.Build.0 = Release|Any CPU
		{0CD5F2E4-94C4-44C4-BFF0-5298F1EB8121}.Debug|Any CPU.ActiveCfg = Debug|Any CPU
		{0CD5F2E4-94C4-44C4-BFF0-5298F1EB8121}.Debug|Any CPU.Build.0 = Debug|Any CPU
		{0CD5F2E4-94C4-44C4-BFF0-5298F1EB8121}.Debug|x64.ActiveCfg = Debug|Any CPU
		{0CD5F2E4-94C4-44C4-BFF0-5298F1EB8121}.Debug|x64.Build.0 = Debug|Any CPU
		{0CD5F2E4-94C4-44C4-BFF0-5298F1EB8121}.Debug|x86.ActiveCfg = Debug|Any CPU
		{0CD5F2E4-94C4-44C4-BFF0-5298F1EB8121}.Debug|x86.Build.0 = Debug|Any CPU
		{0CD5F2E4-94C4-44C4-BFF0-5298F1EB8121}.Release|Any CPU.ActiveCfg = Release|Any CPU
		{0CD5F2E4-94C4-44C4-BFF0-5298F1EB8121}.Release|Any CPU.Build.0 = Release|Any CPU
		{0CD5F2E4-94C4-44C4-BFF0-5298F1EB8121}.Release|x64.ActiveCfg = Release|Any CPU
		{0CD5F2E4-94C4-44C4-BFF0-5298F1EB8121}.Release|x64.Build.0 = Release|Any CPU
		{0CD5F2E4-94C4-44C4-BFF0-5298F1EB8121}.Release|x86.ActiveCfg = Release|Any CPU
		{0CD5F2E4-94C4-44C4-BFF0-5298F1EB8121}.Release|x86.Build.0 = Release|Any CPU
		{ABDFCD5E-0803-4532-9067-AC60AE464D7A}.Debug|Any CPU.ActiveCfg = Debug|Any CPU
		{ABDFCD5E-0803-4532-9067-AC60AE464D7A}.Debug|Any CPU.Build.0 = Debug|Any CPU
		{ABDFCD5E-0803-4532-9067-AC60AE464D7A}.Debug|x64.ActiveCfg = Debug|Any CPU
		{ABDFCD5E-0803-4532-9067-AC60AE464D7A}.Debug|x64.Build.0 = Debug|Any CPU
		{ABDFCD5E-0803-4532-9067-AC60AE464D7A}.Debug|x86.ActiveCfg = Debug|Any CPU
		{ABDFCD5E-0803-4532-9067-AC60AE464D7A}.Debug|x86.Build.0 = Debug|Any CPU
		{ABDFCD5E-0803-4532-9067-AC60AE464D7A}.Release|Any CPU.ActiveCfg = Release|Any CPU
		{ABDFCD5E-0803-4532-9067-AC60AE464D7A}.Release|Any CPU.Build.0 = Release|Any CPU
		{ABDFCD5E-0803-4532-9067-AC60AE464D7A}.Release|x64.ActiveCfg = Release|Any CPU
		{ABDFCD5E-0803-4532-9067-AC60AE464D7A}.Release|x64.Build.0 = Release|Any CPU
		{ABDFCD5E-0803-4532-9067-AC60AE464D7A}.Release|x86.ActiveCfg = Release|Any CPU
		{ABDFCD5E-0803-4532-9067-AC60AE464D7A}.Release|x86.Build.0 = Release|Any CPU
		{D25811EF-A138-42EF-9102-2BE6A8AF86E5}.Debug|Any CPU.ActiveCfg = Debug|Any CPU
		{D25811EF-A138-42EF-9102-2BE6A8AF86E5}.Debug|Any CPU.Build.0 = Debug|Any CPU
		{D25811EF-A138-42EF-9102-2BE6A8AF86E5}.Debug|x64.ActiveCfg = Debug|Any CPU
		{D25811EF-A138-42EF-9102-2BE6A8AF86E5}.Debug|x64.Build.0 = Debug|Any CPU
		{D25811EF-A138-42EF-9102-2BE6A8AF86E5}.Debug|x86.ActiveCfg = Debug|Any CPU
		{D25811EF-A138-42EF-9102-2BE6A8AF86E5}.Debug|x86.Build.0 = Debug|Any CPU
		{D25811EF-A138-42EF-9102-2BE6A8AF86E5}.Release|Any CPU.ActiveCfg = Release|Any CPU
		{D25811EF-A138-42EF-9102-2BE6A8AF86E5}.Release|Any CPU.Build.0 = Release|Any CPU
		{D25811EF-A138-42EF-9102-2BE6A8AF86E5}.Release|x64.ActiveCfg = Release|Any CPU
		{D25811EF-A138-42EF-9102-2BE6A8AF86E5}.Release|x64.Build.0 = Release|Any CPU
		{D25811EF-A138-42EF-9102-2BE6A8AF86E5}.Release|x86.ActiveCfg = Release|Any CPU
		{D25811EF-A138-42EF-9102-2BE6A8AF86E5}.Release|x86.Build.0 = Release|Any CPU
	EndGlobalSection
	GlobalSection(SolutionProperties) = preSolution
		HideSolutionNode = FALSE
	EndGlobalSection
	GlobalSection(NestedProjects) = preSolution
		{8D626EA8-CB54-BC41-363A-217881BEBA6E} = {827E0CD3-B72D-47B6-A68D-7590B98EB39B}
		{D22A9618-B5FB-435B-8CC5-7E923D8CC604} = {8D626EA8-CB54-BC41-363A-217881BEBA6E}
		{17FE7165-7831-552A-0281-14200D3CBAAD} = {827E0CD3-B72D-47B6-A68D-7590B98EB39B}
		{03997797-E7F5-0643-168D-B8EA7178C2FE} = {827E0CD3-B72D-47B6-A68D-7590B98EB39B}
		{0CD5F2E4-94C4-44C4-BFF0-5298F1EB8121} = {03997797-E7F5-0643-168D-B8EA7178C2FE}
		{ABDFCD5E-0803-4532-9067-AC60AE464D7A} = {17FE7165-7831-552A-0281-14200D3CBAAD}
		{D25811EF-A138-42EF-9102-2BE6A8AF86E5} = {17FE7165-7831-552A-0281-14200D3CBAAD}
	EndGlobalSection
EndGlobal
